
Microsoft Visual Studio Solution File, Format Version 12.00
# Visual Studio 14
VisualStudioVersion = 14.0.25420.1
MinimumVisualStudioVersion = 10.0.40219.1
Project("{2150E333-8FDC-42A3-9474-1A3956D46DE8}") = "src", "src", "{2291E398-5099-4B20-ABFA-47920E595F53}"
EndProject
Project("{2150E333-8FDC-42A3-9474-1A3956D46DE8}") = "Solution Items", "Solution Items", "{1AF4A204-DB8F-405B-9758-63C5B574FA01}"
	ProjectSection(SolutionItems) = preProject
		global.json = global.json
	EndProjectSection
EndProject
Project("{8BB2217D-0F2D-49D1-97BC-3654ED321F3B}") = "Powerlift", "src\Powerlift\Powerlift.xproj", "{89701D60-B6F5-4399-9994-23D5DCF8A62D}"
EndProject
Global
	GlobalSection(SolutionConfigurationPlatforms) = preSolution
		Debug|Any CPU = Debug|Any CPU
		Release|Any CPU = Release|Any CPU
	EndGlobalSection
	GlobalSection(ProjectConfigurationPlatforms) = postSolution
		{89701D60-B6F5-4399-9994-23D5DCF8A62D}.Debug|Any CPU.ActiveCfg = Debug|Any CPU
		{89701D60-B6F5-4399-9994-23D5DCF8A62D}.Debug|Any CPU.Build.0 = Debug|Any CPU
		{89701D60-B6F5-4399-9994-23D5DCF8A62D}.Release|Any CPU.ActiveCfg = Release|Any CPU
		{89701D60-B6F5-4399-9994-23D5DCF8A62D}.Release|Any CPU.Build.0 = Release|Any CPU
	EndGlobalSection
	GlobalSection(SolutionProperties) = preSolution
		HideSolutionNode = FALSE
	EndGlobalSection
	GlobalSection(NestedProjects) = preSolution
		{89701D60-B6F5-4399-9994-23D5DCF8A62D} = {2291E398-5099-4B20-ABFA-47920E595F53}
	EndGlobalSection
EndGlobal
